// !$*UTF8*$!
{
	archiveVersion = 1;
	classes = {
	};
	objectVersion = 55;
	objects = {

/* Begin PBXBuildFile section */
		9871B91328774AE700394D8D /* UserDefaultsStorage.swift in Sources */ = {isa = PBXBuildFile; fileRef = 9871B91228774AE700394D8D /* UserDefaultsStorage.swift */; };
		9871B91528774B3100394D8D /* Types+Persistable.swift in Sources */ = {isa = PBXBuildFile; fileRef = 9871B91428774B3100394D8D /* Types+Persistable.swift */; };
		9871B91728774B4D00394D8D /* PropertyWrappers.swift in Sources */ = {isa = PBXBuildFile; fileRef = 9871B91628774B4D00394D8D /* PropertyWrappers.swift */; };
		9871B91928774B7700394D8D /* UserDefaultsWrapper.swift in Sources */ = {isa = PBXBuildFile; fileRef = 9871B91828774B7700394D8D /* UserDefaultsWrapper.swift */; };
		98CB53812873D267008F8BF1 /* AppDelegate.swift in Sources */ = {isa = PBXBuildFile; fileRef = 98CB53802873D267008F8BF1 /* AppDelegate.swift */; };
		98CB53832873D267008F8BF1 /* SceneDelegate.swift in Sources */ = {isa = PBXBuildFile; fileRef = 98CB53822873D267008F8BF1 /* SceneDelegate.swift */; };
		98CB53852873D267008F8BF1 /* ViewController.swift in Sources */ = {isa = PBXBuildFile; fileRef = 98CB53842873D267008F8BF1 /* ViewController.swift */; };
		98CB53882873D267008F8BF1 /* Main.storyboard in Resources */ = {isa = PBXBuildFile; fileRef = 98CB53862873D267008F8BF1 /* Main.storyboard */; };
		98CB538A2873D269008F8BF1 /* Assets.xcassets in Resources */ = {isa = PBXBuildFile; fileRef = 98CB53892873D269008F8BF1 /* Assets.xcassets */; };
		98CB538D2873D269008F8BF1 /* LaunchScreen.storyboard in Resources */ = {isa = PBXBuildFile; fileRef = 98CB538B2873D269008F8BF1 /* LaunchScreen.storyboard */; };
		98CB53982873D269008F8BF1 /* UserDefaultsAbstractionTests.swift in Sources */ = {isa = PBXBuildFile; fileRef = 98CB53972873D269008F8BF1 /* UserDefaultsAbstractionTests.swift */; };
		98CB53A22873D269008F8BF1 /* UserDefaultsAbstractionUITests.swift in Sources */ = {isa = PBXBuildFile; fileRef = 98CB53A12873D269008F8BF1 /* UserDefaultsAbstractionUITests.swift */; };
		98CB53A42873D269008F8BF1 /* UserDefaultsAbstractionUITestsLaunchTests.swift in Sources */ = {isa = PBXBuildFile; fileRef = 98CB53A32873D269008F8BF1 /* UserDefaultsAbstractionUITestsLaunchTests.swift */; };
		98CB53B12873D279008F8BF1 /* UserDefaults+Protocols.swift in Sources */ = {isa = PBXBuildFile; fileRef = 98CB53B02873D279008F8BF1 /* UserDefaults+Protocols.swift */; };
		98F56C41287E5F3E006A1046 /* Persistence.swift in Sources */ = {isa = PBXBuildFile; fileRef = 98F56C40287E5F3E006A1046 /* Persistence.swift */; };
/* End PBXBuildFile section */

/* Begin PBXContainerItemProxy section */
		98CB53942873D269008F8BF1 /* PBXContainerItemProxy */ = {
			isa = PBXContainerItemProxy;
			containerPortal = 98CB53752873D267008F8BF1 /* Project object */;
			proxyType = 1;
			remoteGlobalIDString = 98CB537C2873D267008F8BF1;
			remoteInfo = UserDefaultsAbstraction;
		};
		98CB539E2873D269008F8BF1 /* PBXContainerItemProxy */ = {
			isa = PBXContainerItemProxy;
			containerPortal = 98CB53752873D267008F8BF1 /* Project object */;
			proxyType = 1;
			remoteGlobalIDString = 98CB537C2873D267008F8BF1;
			remoteInfo = UserDefaultsAbstraction;
		};
/* End PBXContainerItemProxy section */

/* Begin PBXFileReference section */
		9871B91228774AE700394D8D /* UserDefaultsStorage.swift */ = {isa = PBXFileReference; lastKnownFileType = sourcecode.swift; path = UserDefaultsStorage.swift; sourceTree = "<group>"; };
		9871B91428774B3100394D8D /* Types+Persistable.swift */ = {isa = PBXFileReference; lastKnownFileType = sourcecode.swift; path = "Types+Persistable.swift"; sourceTree = "<group>"; };
		9871B91628774B4D00394D8D /* PropertyWrappers.swift */ = {isa = PBXFileReference; lastKnownFileType = sourcecode.swift; path = PropertyWrappers.swift; sourceTree = "<group>"; };
		9871B91828774B7700394D8D /* UserDefaultsWrapper.swift */ = {isa = PBXFileReference; lastKnownFileType = sourcecode.swift; path = UserDefaultsWrapper.swift; sourceTree = "<group>"; };
		98CB537D2873D267008F8BF1 /* UserDefaultsAbstraction.app */ = {isa = PBXFileReference; explicitFileType = wrapper.application; includeInIndex = 0; path = UserDefaultsAbstraction.app; sourceTree = BUILT_PRODUCTS_DIR; };
		98CB53802873D267008F8BF1 /* AppDelegate.swift */ = {isa = PBXFileReference; lastKnownFileType = sourcecode.swift; path = AppDelegate.swift; sourceTree = "<group>"; };
		98CB53822873D267008F8BF1 /* SceneDelegate.swift */ = {isa = PBXFileReference; lastKnownFileType = sourcecode.swift; path = SceneDelegate.swift; sourceTree = "<group>"; };
		98CB53842873D267008F8BF1 /* ViewController.swift */ = {isa = PBXFileReference; lastKnownFileType = sourcecode.swift; path = ViewController.swift; sourceTree = "<group>"; };
		98CB53872873D267008F8BF1 /* Base */ = {isa = PBXFileReference; lastKnownFileType = file.storyboard; name = Base; path = Base.lproj/Main.storyboard; sourceTree = "<group>"; };
		98CB53892873D269008F8BF1 /* Assets.xcassets */ = {isa = PBXFileReference; lastKnownFileType = folder.assetcatalog; path = Assets.xcassets; sourceTree = "<group>"; };
		98CB538C2873D269008F8BF1 /* Base */ = {isa = PBXFileReference; lastKnownFileType = file.storyboard; name = Base; path = Base.lproj/LaunchScreen.storyboard; sourceTree = "<group>"; };
		98CB538E2873D269008F8BF1 /* Info.plist */ = {isa = PBXFileReference; lastKnownFileType = text.plist.xml; path = Info.plist; sourceTree = "<group>"; };
		98CB53932873D269008F8BF1 /* UserDefaultsAbstractionTests.xctest */ = {isa = PBXFileReference; explicitFileType = wrapper.cfbundle; includeInIndex = 0; path = UserDefaultsAbstractionTests.xctest; sourceTree = BUILT_PRODUCTS_DIR; };
		98CB53972873D269008F8BF1 /* UserDefaultsAbstractionTests.swift */ = {isa = PBXFileReference; lastKnownFileType = sourcecode.swift; path = UserDefaultsAbstractionTests.swift; sourceTree = "<group>"; };
		98CB539D2873D269008F8BF1 /* UserDefaultsAbstractionUITests.xctest */ = {isa = PBXFileReference; explicitFileType = wrapper.cfbundle; includeInIndex = 0; path = UserDefaultsAbstractionUITests.xctest; sourceTree = BUILT_PRODUCTS_DIR; };
		98CB53A12873D269008F8BF1 /* UserDefaultsAbstractionUITests.swift */ = {isa = PBXFileReference; lastKnownFileType = sourcecode.swift; path = UserDefaultsAbstractionUITests.swift; sourceTree = "<group>"; };
		98CB53A32873D269008F8BF1 /* UserDefaultsAbstractionUITestsLaunchTests.swift */ = {isa = PBXFileReference; lastKnownFileType = sourcecode.swift; path = UserDefaultsAbstractionUITestsLaunchTests.swift; sourceTree = "<group>"; };
		98CB53B02873D279008F8BF1 /* UserDefaults+Protocols.swift */ = {isa = PBXFileReference; lastKnownFileType = sourcecode.swift; path = "UserDefaults+Protocols.swift"; sourceTree = "<group>"; };
		98F56C40287E5F3E006A1046 /* Persistence.swift */ = {isa = PBXFileReference; lastKnownFileType = sourcecode.swift; path = Persistence.swift; sourceTree = "<group>"; };
/* End PBXFileReference section */

/* Begin PBXFrameworksBuildPhase section */
		98CB537A2873D267008F8BF1 /* Frameworks */ = {
			isa = PBXFrameworksBuildPhase;
			buildActionMask = 2147483647;
			files = (
			);
			runOnlyForDeploymentPostprocessing = 0;
		};
		98CB53902873D269008F8BF1 /* Frameworks */ = {
			isa = PBXFrameworksBuildPhase;
			buildActionMask = 2147483647;
			files = (
			);
			runOnlyForDeploymentPostprocessing = 0;
		};
		98CB539A2873D269008F8BF1 /* Frameworks */ = {
			isa = PBXFrameworksBuildPhase;
			buildActionMask = 2147483647;
			files = (
			);
			runOnlyForDeploymentPostprocessing = 0;
		};
/* End PBXFrameworksBuildPhase section */

/* Begin PBXGroup section */
		9871B91A28774B7E00394D8D /* UserDefaults */ = {
			isa = PBXGroup;
			children = (
				98CB53B02873D279008F8BF1 /* UserDefaults+Protocols.swift */,
				9871B91228774AE700394D8D /* UserDefaultsStorage.swift */,
				9871B91428774B3100394D8D /* Types+Persistable.swift */,
				9871B91628774B4D00394D8D /* PropertyWrappers.swift */,
				9871B91828774B7700394D8D /* UserDefaultsWrapper.swift */,
				98F56C40287E5F3E006A1046 /* Persistence.swift */,
			);
			path = UserDefaults;
			sourceTree = "<group>";
		};
		98CB53742873D267008F8BF1 = {
			isa = PBXGroup;
			children = (
				98CB537F2873D267008F8BF1 /* UserDefaultsAbstraction */,
				98CB53962873D269008F8BF1 /* UserDefaultsAbstractionTests */,
				98CB53A02873D269008F8BF1 /* UserDefaultsAbstractionUITests */,
				98CB537E2873D267008F8BF1 /* Products */,
			);
			sourceTree = "<group>";
		};
		98CB537E2873D267008F8BF1 /* Products */ = {
			isa = PBXGroup;
			children = (
				98CB537D2873D267008F8BF1 /* UserDefaultsAbstraction.app */,
				98CB53932873D269008F8BF1 /* UserDefaultsAbstractionTests.xctest */,
				98CB539D2873D269008F8BF1 /* UserDefaultsAbstractionUITests.xctest */,
			);
			name = Products;
			sourceTree = "<group>";
		};
		98CB537F2873D267008F8BF1 /* UserDefaultsAbstraction */ = {
			isa = PBXGroup;
			children = (
				9871B91A28774B7E00394D8D /* UserDefaults */,
				98CB53802873D267008F8BF1 /* AppDelegate.swift */,
				98CB53822873D267008F8BF1 /* SceneDelegate.swift */,
				98CB53842873D267008F8BF1 /* ViewController.swift */,
				98CB53862873D267008F8BF1 /* Main.storyboard */,
				98CB53892873D269008F8BF1 /* Assets.xcassets */,
				98CB538B2873D269008F8BF1 /* LaunchScreen.storyboard */,
				98CB538E2873D269008F8BF1 /* Info.plist */,
			);
			path = UserDefaultsAbstraction;
			sourceTree = "<group>";
		};
		98CB53962873D269008F8BF1 /* UserDefaultsAbstractionTests */ = {
			isa = PBXGroup;
			children = (
				98CB53972873D269008F8BF1 /* UserDefaultsAbstractionTests.swift */,
			);
			path = UserDefaultsAbstractionTests;
			sourceTree = "<group>";
		};
		98CB53A02873D269008F8BF1 /* UserDefaultsAbstractionUITests */ = {
			isa = PBXGroup;
			children = (
				98CB53A12873D269008F8BF1 /* UserDefaultsAbstractionUITests.swift */,
				98CB53A32873D269008F8BF1 /* UserDefaultsAbstractionUITestsLaunchTests.swift */,
			);
			path = UserDefaultsAbstractionUITests;
			sourceTree = "<group>";
		};
/* End PBXGroup section */

/* Begin PBXNativeTarget section */
		98CB537C2873D267008F8BF1 /* UserDefaultsAbstraction */ = {
			isa = PBXNativeTarget;
			buildConfigurationList = 98CB53A72873D269008F8BF1 /* Build configuration list for PBXNativeTarget "UserDefaultsAbstraction" */;
			buildPhases = (
				98CB53792873D267008F8BF1 /* Sources */,
				98CB537A2873D267008F8BF1 /* Frameworks */,
				98CB537B2873D267008F8BF1 /* Resources */,
			);
			buildRules = (
			);
			dependencies = (
			);
			name = UserDefaultsAbstraction;
			productName = UserDefaultsAbstraction;
			productReference = 98CB537D2873D267008F8BF1 /* UserDefaultsAbstraction.app */;
			productType = "com.apple.product-type.application";
		};
		98CB53922873D269008F8BF1 /* UserDefaultsAbstractionTests */ = {
			isa = PBXNativeTarget;
			buildConfigurationList = 98CB53AA2873D269008F8BF1 /* Build configuration list for PBXNativeTarget "UserDefaultsAbstractionTests" */;
			buildPhases = (
				98CB538F2873D269008F8BF1 /* Sources */,
				98CB53902873D269008F8BF1 /* Frameworks */,
				98CB53912873D269008F8BF1 /* Resources */,
			);
			buildRules = (
			);
			dependencies = (
				98CB53952873D269008F8BF1 /* PBXTargetDependency */,
			);
			name = UserDefaultsAbstractionTests;
			productName = UserDefaultsAbstractionTests;
			productReference = 98CB53932873D269008F8BF1 /* UserDefaultsAbstractionTests.xctest */;
			productType = "com.apple.product-type.bundle.unit-test";
		};
		98CB539C2873D269008F8BF1 /* UserDefaultsAbstractionUITests */ = {
			isa = PBXNativeTarget;
			buildConfigurationList = 98CB53AD2873D269008F8BF1 /* Build configuration list for PBXNativeTarget "UserDefaultsAbstractionUITests" */;
			buildPhases = (
				98CB53992873D269008F8BF1 /* Sources */,
				98CB539A2873D269008F8BF1 /* Frameworks */,
				98CB539B2873D269008F8BF1 /* Resources */,
			);
			buildRules = (
			);
			dependencies = (
				98CB539F2873D269008F8BF1 /* PBXTargetDependency */,
			);
			name = UserDefaultsAbstractionUITests;
			productName = UserDefaultsAbstractionUITests;
			productReference = 98CB539D2873D269008F8BF1 /* UserDefaultsAbstractionUITests.xctest */;
			productType = "com.apple.product-type.bundle.ui-testing";
		};
/* End PBXNativeTarget section */

/* Begin PBXProject section */
		98CB53752873D267008F8BF1 /* Project object */ = {
			isa = PBXProject;
			attributes = {
				BuildIndependentTargetsInParallel = 1;
				LastSwiftUpdateCheck = 1340;
				LastUpgradeCheck = 1340;
				TargetAttributes = {
					98CB537C2873D267008F8BF1 = {
						CreatedOnToolsVersion = 13.4.1;
					};
					98CB53922873D269008F8BF1 = {
						CreatedOnToolsVersion = 13.4.1;
						TestTargetID = 98CB537C2873D267008F8BF1;
					};
					98CB539C2873D269008F8BF1 = {
						CreatedOnToolsVersion = 13.4.1;
						TestTargetID = 98CB537C2873D267008F8BF1;
					};
				};
			};
			buildConfigurationList = 98CB53782873D267008F8BF1 /* Build configuration list for PBXProject "UserDefaultsAbstraction" */;
			compatibilityVersion = "Xcode 13.0";
			developmentRegion = en;
			hasScannedForEncodings = 0;
			knownRegions = (
				en,
				Base,
			);
			mainGroup = 98CB53742873D267008F8BF1;
			productRefGroup = 98CB537E2873D267008F8BF1 /* Products */;
			projectDirPath = "";
			projectRoot = "";
			targets = (
				98CB537C2873D267008F8BF1 /* UserDefaultsAbstraction */,
				98CB53922873D269008F8BF1 /* UserDefaultsAbstractionTests */,
				98CB539C2873D269008F8BF1 /* UserDefaultsAbstractionUITests */,
			);
		};
/* End PBXProject section */

/* Begin PBXResourcesBuildPhase section */
		98CB537B2873D267008F8BF1 /* Resources */ = {
			isa = PBXResourcesBuildPhase;
			buildActionMask = 2147483647;
			files = (
				98CB538D2873D269008F8BF1 /* LaunchScreen.storyboard in Resources */,
				98CB538A2873D269008F8BF1 /* Assets.xcassets in Resources */,
				98CB53882873D267008F8BF1 /* Main.storyboard in Resources */,
			);
			runOnlyForDeploymentPostprocessing = 0;
		};
		98CB53912873D269008F8BF1 /* Resources */ = {
			isa = PBXResourcesBuildPhase;
			buildActionMask = 2147483647;
			files = (
			);
			runOnlyForDeploymentPostprocessing = 0;
		};
		98CB539B2873D269008F8BF1 /* Resources */ = {
			isa = PBXResourcesBuildPhase;
			buildActionMask = 2147483647;
			files = (
			);
			runOnlyForDeploymentPostprocessing = 0;
		};
/* End PBXResourcesBuildPhase section */

/* Begin PBXSourcesBuildPhase section */
		98CB53792873D267008F8BF1 /* Sources */ = {
			isa = PBXSourcesBuildPhase;
			buildActionMask = 2147483647;
			files = (
				98F56C41287E5F3E006A1046 /* Persistence.swift in Sources */,
				9871B91728774B4D00394D8D /* PropertyWrappers.swift in Sources */,
				9871B91528774B3100394D8D /* Types+Persistable.swift in Sources */,
				9871B91328774AE700394D8D /* UserDefaultsStorage.swift in Sources */,
				98CB53B12873D279008F8BF1 /* UserDefaults+Protocols.swift in Sources */,
				9871B91928774B7700394D8D /* UserDefaultsWrapper.swift in Sources */,
				98CB53852873D267008F8BF1 /* ViewController.swift in Sources */,
				98CB53812873D267008F8BF1 /* AppDelegate.swift in Sources */,
				98CB53832873D267008F8BF1 /* SceneDelegate.swift in Sources */,
			);
			runOnlyForDeploymentPostprocessing = 0;
		};
		98CB538F2873D269008F8BF1 /* Sources */ = {
			isa = PBXSourcesBuildPhase;
			buildActionMask = 2147483647;
			files = (
				98CB53982873D269008F8BF1 /* UserDefaultsAbstractionTests.swift in Sources */,
			);
			runOnlyForDeploymentPostprocessing = 0;
		};
		98CB53992873D269008F8BF1 /* Sources */ = {
			isa = PBXSourcesBuildPhase;
			buildActionMask = 2147483647;
			files = (
				98CB53A42873D269008F8BF1 /* UserDefaultsAbstractionUITestsLaunchTests.swift in Sources */,
				98CB53A22873D269008F8BF1 /* UserDefaultsAbstractionUITests.swift in Sources */,
			);
			runOnlyForDeploymentPostprocessing = 0;
		};
/* End PBXSourcesBuildPhase section */

/* Begin PBXTargetDependency section */
		98CB53952873D269008F8BF1 /* PBXTargetDependency */ = {
			isa = PBXTargetDependency;
			target = 98CB537C2873D267008F8BF1 /* UserDefaultsAbstraction */;
			targetProxy = 98CB53942873D269008F8BF1 /* PBXContainerItemProxy */;
		};
		98CB539F2873D269008F8BF1 /* PBXTargetDependency */ = {
			isa = PBXTargetDependency;
			target = 98CB537C2873D267008F8BF1 /* UserDefaultsAbstraction */;
			targetProxy = 98CB539E2873D269008F8BF1 /* PBXContainerItemProxy */;
		};
/* End PBXTargetDependency section */

/* Begin PBXVariantGroup section */
		98CB53862873D267008F8BF1 /* Main.storyboard */ = {
			isa = PBXVariantGroup;
			children = (
				98CB53872873D267008F8BF1 /* Base */,
			);
			name = Main.storyboard;
			sourceTree = "<group>";
		};
		98CB538B2873D269008F8BF1 /* LaunchScreen.storyboard */ = {
			isa = PBXVariantGroup;
			children = (
				98CB538C2873D269008F8BF1 /* Base */,
			);
			name = LaunchScreen.storyboard;
			sourceTree = "<group>";
		};
/* End PBXVariantGroup section */

/* Begin XCBuildConfiguration section */
		98CB53A52873D269008F8BF1 /* Debug */ = {
			isa = XCBuildConfiguration;
			buildSettings = {
				ALWAYS_SEARCH_USER_PATHS = NO;
				CLANG_ANALYZER_NONNULL = YES;
				CLANG_ANALYZER_NUMBER_OBJECT_CONVERSION = YES_AGGRESSIVE;
				CLANG_CXX_LANGUAGE_STANDARD = "gnu++17";
				CLANG_ENABLE_MODULES = YES;
				CLANG_ENABLE_OBJC_ARC = YES;
				CLANG_ENABLE_OBJC_WEAK = YES;
				CLANG_WARN_BLOCK_CAPTURE_AUTORELEASING = YES;
				CLANG_WARN_BOOL_CONVERSION = YES;
				CLANG_WARN_COMMA = YES;
				CLANG_WARN_CONSTANT_CONVERSION = YES;
				CLANG_WARN_DEPRECATED_OBJC_IMPLEMENTATIONS = YES;
				CLANG_WARN_DIRECT_OBJC_ISA_USAGE = YES_ERROR;
				CLANG_WARN_DOCUMENTATION_COMMENTS = YES;
				CLANG_WARN_EMPTY_BODY = YES;
				CLANG_WARN_ENUM_CONVERSION = YES;
				CLANG_WARN_INFINITE_RECURSION = YES;
				CLANG_WARN_INT_CONVERSION = YES;
				CLANG_WARN_NON_LITERAL_NULL_CONVERSION = YES;
				CLANG_WARN_OBJC_IMPLICIT_RETAIN_SELF = YES;
				CLANG_WARN_OBJC_LITERAL_CONVERSION = YES;
				CLANG_WARN_OBJC_ROOT_CLASS = YES_ERROR;
				CLANG_WARN_QUOTED_INCLUDE_IN_FRAMEWORK_HEADER = YES;
				CLANG_WARN_RANGE_LOOP_ANALYSIS = YES;
				CLANG_WARN_STRICT_PROTOTYPES = YES;
				CLANG_WARN_SUSPICIOUS_MOVE = YES;
				CLANG_WARN_UNGUARDED_AVAILABILITY = YES_AGGRESSIVE;
				CLANG_WARN_UNREACHABLE_CODE = YES;
				CLANG_WARN__DUPLICATE_METHOD_MATCH = YES;
				COPY_PHASE_STRIP = NO;
				DEBUG_INFORMATION_FORMAT = dwarf;
				ENABLE_STRICT_OBJC_MSGSEND = YES;
				ENABLE_TESTABILITY = YES;
				GCC_C_LANGUAGE_STANDARD = gnu11;
				GCC_DYNAMIC_NO_PIC = NO;
				GCC_NO_COMMON_BLOCKS = YES;
				GCC_OPTIMIZATION_LEVEL = 0;
				GCC_PREPROCESSOR_DEFINITIONS = (
					"DEBUG=1",
					"$(inherited)",
				);
				GCC_WARN_64_TO_32_BIT_CONVERSION = YES;
				GCC_WARN_ABOUT_RETURN_TYPE = YES_ERROR;
				GCC_WARN_UNDECLARED_SELECTOR = YES;
				GCC_WARN_UNINITIALIZED_AUTOS = YES_AGGRESSIVE;
				GCC_WARN_UNUSED_FUNCTION = YES;
				GCC_WARN_UNUSED_VARIABLE = YES;
				IPHONEOS_DEPLOYMENT_TARGET = 15.5;
				MTL_ENABLE_DEBUG_INFO = INCLUDE_SOURCE;
				MTL_FAST_MATH = YES;
				ONLY_ACTIVE_ARCH = YES;
				SDKROOT = iphoneos;
				SWIFT_ACTIVE_COMPILATION_CONDITIONS = DEBUG;
				SWIFT_OPTIMIZATION_LEVEL = "-Onone";
			};
			name = Debug;
		};
		98CB53A62873D269008F8BF1 /* Release */ = {
			isa = XCBuildConfiguration;
			buildSettings = {
				ALWAYS_SEARCH_USER_PATHS = NO;
				CLANG_ANALYZER_NONNULL = YES;
				CLANG_ANALYZER_NUMBER_OBJECT_CONVERSION = YES_AGGRESSIVE;
				CLANG_CXX_LANGUAGE_STANDARD = "gnu++17";
				CLANG_ENABLE_MODULES = YES;
				CLANG_ENABLE_OBJC_ARC = YES;
				CLANG_ENABLE_OBJC_WEAK = YES;
				CLANG_WARN_BLOCK_CAPTURE_AUTORELEASING = YES;
				CLANG_WARN_BOOL_CONVERSION = YES;
				CLANG_WARN_COMMA = YES;
				CLANG_WARN_CONSTANT_CONVERSION = YES;
				CLANG_WARN_DEPRECATED_OBJC_IMPLEMENTATIONS = YES;
				CLANG_WARN_DIRECT_OBJC_ISA_USAGE = YES_ERROR;
				CLANG_WARN_DOCUMENTATION_COMMENTS = YES;
				CLANG_WARN_EMPTY_BODY = YES;
				CLANG_WARN_ENUM_CONVERSION = YES;
				CLANG_WARN_INFINITE_RECURSION = YES;
				CLANG_WARN_INT_CONVERSION = YES;
				CLANG_WARN_NON_LITERAL_NULL_CONVERSION = YES;
				CLANG_WARN_OBJC_IMPLICIT_RETAIN_SELF = YES;
				CLANG_WARN_OBJC_LITERAL_CONVERSION = YES;
				CLANG_WARN_OBJC_ROOT_CLASS = YES_ERROR;
				CLANG_WARN_QUOTED_INCLUDE_IN_FRAMEWORK_HEADER = YES;
				CLANG_WARN_RANGE_LOOP_ANALYSIS = YES;
				CLANG_WARN_STRICT_PROTOTYPES = YES;
				CLANG_WARN_SUSPICIOUS_MOVE = YES;
				CLANG_WARN_UNGUARDED_AVAILABILITY = YES_AGGRESSIVE;
				CLANG_WARN_UNREACHABLE_CODE = YES;
				CLANG_WARN__DUPLICATE_METHOD_MATCH = YES;
				COPY_PHASE_STRIP = NO;
				DEBUG_INFORMATION_FORMAT = "dwarf-with-dsym";
				ENABLE_NS_ASSERTIONS = NO;
				ENABLE_STRICT_OBJC_MSGSEND = YES;
				GCC_C_LANGUAGE_STANDARD = gnu11;
				GCC_NO_COMMON_BLOCKS = YES;
				GCC_WARN_64_TO_32_BIT_CONVERSION = YES;
				GCC_WARN_ABOUT_RETURN_TYPE = YES_ERROR;
				GCC_WARN_UNDECLARED_SELECTOR = YES;
				GCC_WARN_UNINITIALIZED_AUTOS = YES_AGGRESSIVE;
				GCC_WARN_UNUSED_FUNCTION = YES;
				GCC_WARN_UNUSED_VARIABLE = YES;
				IPHONEOS_DEPLOYMENT_TARGET = 15.5;
				MTL_ENABLE_DEBUG_INFO = NO;
				MTL_FAST_MATH = YES;
				SDKROOT = iphoneos;
				SWIFT_COMPILATION_MODE = wholemodule;
				SWIFT_OPTIMIZATION_LEVEL = "-O";
				VALIDATE_PRODUCT = YES;
			};
			name = Release;
		};
		98CB53A82873D269008F8BF1 /* Debug */ = {
			isa = XCBuildConfiguration;
			buildSettings = {
				ASSETCATALOG_COMPILER_APPICON_NAME = AppIcon;
				ASSETCATALOG_COMPILER_GLOBAL_ACCENT_COLOR_NAME = AccentColor;
				CODE_SIGN_STYLE = Automatic;
				CURRENT_PROJECT_VERSION = 1;
				GENERATE_INFOPLIST_FILE = YES;
				INFOPLIST_FILE = UserDefaultsAbstraction/Info.plist;
				INFOPLIST_KEY_UIApplicationSupportsIndirectInputEvents = YES;
				INFOPLIST_KEY_UILaunchStoryboardName = LaunchScreen;
				INFOPLIST_KEY_UIMainStoryboardFile = Main;
				INFOPLIST_KEY_UISupportedInterfaceOrientations_iPad = "UIInterfaceOrientationPortrait UIInterfaceOrientationPortraitUpsideDown UIInterfaceOrientationLandscapeLeft UIInterfaceOrientationLandscapeRight";
				INFOPLIST_KEY_UISupportedInterfaceOrientations_iPhone = "UIInterfaceOrientationPortrait UIInterfaceOrientationLandscapeLeft UIInterfaceOrientationLandscapeRight";
				LD_RUNPATH_SEARCH_PATHS = (
					"$(inherited)",
					"@executable_path/Frameworks",
				);
				MARKETING_VERSION = 1.0;
				PRODUCT_BUNDLE_IDENTIFIER = coelho.UserDefaultsAbstraction;
				PRODUCT_NAME = "$(TARGET_NAME)";
				SWIFT_EMIT_LOC_STRINGS = YES;
				SWIFT_VERSION = 5.0;
				TARGETED_DEVICE_FAMILY = "1,2";
			};
			name = Debug;
		};
		98CB53A92873D269008F8BF1 /* Release */ = {
			isa = XCBuildConfiguration;
			buildSettings = {
				ASSETCATALOG_COMPILER_APPICON_NAME = AppIcon;
				ASSETCATALOG_COMPILER_GLOBAL_ACCENT_COLOR_NAME = AccentColor;
				CODE_SIGN_STYLE = Automatic;
				CURRENT_PROJECT_VERSION = 1;
				GENERATE_INFOPLIST_FILE = YES;
				INFOPLIST_FILE = UserDefaultsAbstraction/Info.plist;
				INFOPLIST_KEY_UIApplicationSupportsIndirectInputEvents = YES;
				INFOPLIST_KEY_UILaunchStoryboardName = LaunchScreen;
				INFOPLIST_KEY_UIMainStoryboardFile = Main;
				INFOPLIST_KEY_UISupportedInterfaceOrientations_iPad = "UIInterfaceOrientationPortrait UIInterfaceOrientationPortraitUpsideDown UIInterfaceOrientationLandscapeLeft UIInterfaceOrientationLandscapeRight";
				INFOPLIST_KEY_UISupportedInterfaceOrientations_iPhone = "UIInterfaceOrientationPortrait UIInterfaceOrientationLandscapeLeft UIInterfaceOrientationLandscapeRight";
				LD_RUNPATH_SEARCH_PATHS = (
					"$(inherited)",
					"@executable_path/Frameworks",
				);
				MARKETING_VERSION = 1.0;
				PRODUCT_BUNDLE_IDENTIFIER = coelho.UserDefaultsAbstraction;
				PRODUCT_NAME = "$(TARGET_NAME)";
				SWIFT_EMIT_LOC_STRINGS = YES;
				SWIFT_VERSION = 5.0;
				TARGETED_DEVICE_FAMILY = "1,2";
			};
			name = Release;
		};
		98CB53AB2873D269008F8BF1 /* Debug */ = {
			isa = XCBuildConfiguration;
			buildSettings = {
				ALWAYS_EMBED_SWIFT_STANDARD_LIBRARIES = YES;
				BUNDLE_LOADER = "$(TEST_HOST)";
				CODE_SIGN_STYLE = Automatic;
				CURRENT_PROJECT_VERSION = 1;
				GENERATE_INFOPLIST_FILE = YES;
				IPHONEOS_DEPLOYMENT_TARGET = 15.5;
				MARKETING_VERSION = 1.0;
				PRODUCT_BUNDLE_IDENTIFIER = coelho.UserDefaultsAbstractionTests;
				PRODUCT_NAME = "$(TARGET_NAME)";
				SWIFT_EMIT_LOC_STRINGS = NO;
				SWIFT_VERSION = 5.0;
				TARGETED_DEVICE_FAMILY = "1,2";
				TEST_HOST = "$(BUILT_PRODUCTS_DIR)/UserDefaultsAbstraction.app/UserDefaultsAbstraction";
			};
			name = Debug;
		};
		98CB53AC2873D269008F8BF1 /* Release */ = {
			isa = XCBuildConfiguration;
			buildSettings = {
				ALWAYS_EMBED_SWIFT_STANDARD_LIBRARIES = YES;
				BUNDLE_LOADER = "$(TEST_HOST)";
				CODE_SIGN_STYLE = Automatic;
				CURRENT_PROJECT_VERSION = 1;
				GENERATE_INFOPLIST_FILE = YES;
				IPHONEOS_DEPLOYMENT_TARGET = 15.5;
				MARKETING_VERSION = 1.0;
				PRODUCT_BUNDLE_IDENTIFIER = coelho.UserDefaultsAbstractionTests;
				PRODUCT_NAME = "$(TARGET_NAME)";
				SWIFT_EMIT_LOC_STRINGS = NO;
				SWIFT_VERSION = 5.0;
				TARGETED_DEVICE_FAMILY = "1,2";
				TEST_HOST = "$(BUILT_PRODUCTS_DIR)/UserDefaultsAbstraction.app/UserDefaultsAbstraction";
			};
			name = Release;
		};
		98CB53AE2873D269008F8BF1 /* Debug */ = {
			isa = XCBuildConfiguration;
			buildSettings = {
				ALWAYS_EMBED_SWIFT_STANDARD_LIBRARIES = YES;
				CODE_SIGN_STYLE = Automatic;
				CURRENT_PROJECT_VERSION = 1;
				GENERATE_INFOPLIST_FILE = YES;
				MARKETING_VERSION = 1.0;
				PRODUCT_BUNDLE_IDENTIFIER = coelho.UserDefaultsAbstractionUITests;
				PRODUCT_NAME = "$(TARGET_NAME)";
				SWIFT_EMIT_LOC_STRINGS = NO;
				SWIFT_VERSION = 5.0;
				TARGETED_DEVICE_FAMILY = "1,2";
				TEST_TARGET_NAME = UserDefaultsAbstraction;
			};
			name = Debug;
		};
		98CB53AF2873D269008F8BF1 /* Release */ = {
			isa = XCBuildConfiguration;
			buildSettings = {
				ALWAYS_EMBED_SWIFT_STANDARD_LIBRARIES = YES;
				CODE_SIGN_STYLE = Automatic;
				CURRENT_PROJECT_VERSION = 1;
				GENERATE_INFOPLIST_FILE = YES;
				MARKETING_VERSION = 1.0;
				PRODUCT_BUNDLE_IDENTIFIER = coelho.UserDefaultsAbstractionUITests;
				PRODUCT_NAME = "$(TARGET_NAME)";
				SWIFT_EMIT_LOC_STRINGS = NO;
				SWIFT_VERSION = 5.0;
				TARGETED_DEVICE_FAMILY = "1,2";
				TEST_TARGET_NAME = UserDefaultsAbstraction;
			};
			name = Release;
		};
/* End XCBuildConfiguration section */

/* Begin XCConfigurationList section */
		98CB53782873D267008F8BF1 /* Build configuration list for PBXProject "UserDefaultsAbstraction" */ = {
			isa = XCConfigurationList;
			buildConfigurations = (
				98CB53A52873D269008F8BF1 /* Debug */,
				98CB53A62873D269008F8BF1 /* Release */,
			);
			defaultConfigurationIsVisible = 0;
			defaultConfigurationName = Release;
		};
		98CB53A72873D269008F8BF1 /* Build configuration list for PBXNativeTarget "UserDefaultsAbstraction" */ = {
			isa = XCConfigurationList;
			buildConfigurations = (
				98CB53A82873D269008F8BF1 /* Debug */,
				98CB53A92873D269008F8BF1 /* Release */,
			);
			defaultConfigurationIsVisible = 0;
			defaultConfigurationName = Release;
		};
		98CB53AA2873D269008F8BF1 /* Build configuration list for PBXNativeTarget "UserDefaultsAbstractionTests" */ = {
			isa = XCConfigurationList;
			buildConfigurations = (
				98CB53AB2873D269008F8BF1 /* Debug */,
				98CB53AC2873D269008F8BF1 /* Release */,
			);
			defaultConfigurationIsVisible = 0;
			defaultConfigurationName = Release;
		};
		98CB53AD2873D269008F8BF1 /* Build configuration list for PBXNativeTarget "UserDefaultsAbstractionUITests" */ = {
			isa = XCConfigurationList;
			buildConfigurations = (
				98CB53AE2873D269008F8BF1 /* Debug */,
				98CB53AF2873D269008F8BF1 /* Release */,
			);
			defaultConfigurationIsVisible = 0;
			defaultConfigurationName = Release;
		};
/* End XCConfigurationList section */
	};
	rootObject = 98CB53752873D267008F8BF1 /* Project object */;
}
